
Microsoft Visual Studio Solution File, Format Version 12.00
# Visual Studio Version 16
VisualStudioVersion = 16.0.30002.166
MinimumVisualStudioVersion = 10.0.40219.1
Project("{FAE04EC0-301F-11D3-BF4B-00C04F79EFBC}") = "Foodies", "Foodies.csproj", "{8AC9749C-D02E-4724-B2CC-6636244FC4B5}"
EndProject
Global
	GlobalSection(SolutionConfigurationPlatforms) = preSolution
		Debug|Any CPU = Debug|Any CPU
		Release|Any CPU = Release|Any CPU
	EndGlobalSection
	GlobalSection(ProjectConfigurationPlatforms) = postSolution
		{8AC9749C-D02E-4724-B2CC-6636244FC4B5}.Debug|Any CPU.ActiveCfg = Debug|Any CPU
		{8AC9749C-D02E-4724-B2CC-6636244FC4B5}.Debug|Any CPU.Build.0 = Debug|Any CPU
		{8AC9749C-D02E-4724-B2CC-6636244FC4B5}.Release|Any CPU.ActiveCfg = Release|Any CPU
		{8AC9749C-D02E-4724-B2CC-6636244FC4B5}.Release|Any CPU.Build.0 = Release|Any CPU
	EndGlobalSection
	GlobalSection(SolutionProperties) = preSolution
		HideSolutionNode = FALSE
	EndGlobalSection
	GlobalSection(ExtensibilityGlobals) = postSolution
		SolutionGuid = {3A59806B-4895-404D-8FE7-CC697A899BB4}
	EndGlobalSection
EndGlobal
